// !$*UTF8*$!
{
	archiveVersion = 1;
	classes = {
	};
	objectVersion = 46;
	objects = {

/* Begin PBXBuildFile section */
		6B258EB272F1879C4767AEC7 /* Pods_Introducer.framework in Frameworks */ = {isa = PBXBuildFile; fileRef = BD9083F6FD79DFAEB317C9C6 /* Pods_Introducer.framework */; };
		BF1DC1AA1C9DEA110056F7BE /* AppDelegate.swift in Sources */ = {isa = PBXBuildFile; fileRef = BF1DC1A91C9DEA110056F7BE /* AppDelegate.swift */; };
		BF1DC1AF1C9DEA110056F7BE /* Main.storyboard in Resources */ = {isa = PBXBuildFile; fileRef = BF1DC1AD1C9DEA110056F7BE /* Main.storyboard */; };
		BF1DC1B11C9DEA110056F7BE /* Assets.xcassets in Resources */ = {isa = PBXBuildFile; fileRef = BF1DC1B01C9DEA110056F7BE /* Assets.xcassets */; };
		BF1DC1B41C9DEA110056F7BE /* LaunchScreen.storyboard in Resources */ = {isa = PBXBuildFile; fileRef = BF1DC1B21C9DEA110056F7BE /* LaunchScreen.storyboard */; };
		BF1DC1C31C9DEA740056F7BE /* SignInViewController.swift in Sources */ = {isa = PBXBuildFile; fileRef = BF1DC1C21C9DEA740056F7BE /* SignInViewController.swift */; };
		BFF6A7271C9DF40800D0BE3B /* RegisterViewController.swift in Sources */ = {isa = PBXBuildFile; fileRef = BFF6A7261C9DF40800D0BE3B /* RegisterViewController.swift */; };
		BFF6A7291C9DF87600D0BE3B /* Global.swift in Sources */ = {isa = PBXBuildFile; fileRef = BFF6A7281C9DF87600D0BE3B /* Global.swift */; };
		BFF6A7301C9DF94C00D0BE3B /* RegisterValidationHelper.swift in Sources */ = {isa = PBXBuildFile; fileRef = BFF6A72F1C9DF94C00D0BE3B /* RegisterValidationHelper.swift */; };
		BFF6A7321C9DF98C00D0BE3B /* String+Validation.swift in Sources */ = {isa = PBXBuildFile; fileRef = BFF6A7311C9DF98C00D0BE3B /* String+Validation.swift */; };
		BFF6A7351C9FF87800D0BE3B /* MapViewController.swift in Sources */ = {isa = PBXBuildFile; fileRef = BFF6A7341C9FF87800D0BE3B /* MapViewController.swift */; };
		BFF6A7381C9FFDE600D0BE3B /* ListViewController.swift in Sources */ = {isa = PBXBuildFile; fileRef = BFF6A7371C9FFDE600D0BE3B /* ListViewController.swift */; };
		BFF6A73A1CA0037C00D0BE3B /* CityEntity.swift in Sources */ = {isa = PBXBuildFile; fileRef = BFF6A7391CA0037C00D0BE3B /* CityEntity.swift */; };
		BFF6A73C1CA0051F00D0BE3B /* GetCitiesList.swift in Sources */ = {isa = PBXBuildFile; fileRef = BFF6A73B1CA0051F00D0BE3B /* GetCitiesList.swift */; };
/* End PBXBuildFile section */

/* Begin PBXFileReference section */
		4D089A38E5EA1405FD556D14 /* Pods-Introducer.debug.xcconfig */ = {isa = PBXFileReference; includeInIndex = 1; lastKnownFileType = text.xcconfig; name = "Pods-Introducer.debug.xcconfig"; path = "Pods/Target Support Files/Pods-Introducer/Pods-Introducer.debug.xcconfig"; sourceTree = "<group>"; };
		7B8FA71CF628B7255AEE1A4E /* Pods-Introducer.release.xcconfig */ = {isa = PBXFileReference; includeInIndex = 1; lastKnownFileType = text.xcconfig; name = "Pods-Introducer.release.xcconfig"; path = "Pods/Target Support Files/Pods-Introducer/Pods-Introducer.release.xcconfig"; sourceTree = "<group>"; };
		BD9083F6FD79DFAEB317C9C6 /* Pods_Introducer.framework */ = {isa = PBXFileReference; explicitFileType = wrapper.framework; includeInIndex = 0; path = Pods_Introducer.framework; sourceTree = BUILT_PRODUCTS_DIR; };
		BF1DC1A61C9DEA110056F7BE /* Introducer.app */ = {isa = PBXFileReference; explicitFileType = wrapper.application; includeInIndex = 0; path = Introducer.app; sourceTree = BUILT_PRODUCTS_DIR; };
		BF1DC1A91C9DEA110056F7BE /* AppDelegate.swift */ = {isa = PBXFileReference; lastKnownFileType = sourcecode.swift; path = AppDelegate.swift; sourceTree = "<group>"; };
		BF1DC1AE1C9DEA110056F7BE /* Base */ = {isa = PBXFileReference; lastKnownFileType = file.storyboard; name = Base; path = Base.lproj/Main.storyboard; sourceTree = "<group>"; };
		BF1DC1B01C9DEA110056F7BE /* Assets.xcassets */ = {isa = PBXFileReference; lastKnownFileType = folder.assetcatalog; path = Assets.xcassets; sourceTree = "<group>"; };
		BF1DC1B31C9DEA110056F7BE /* Base */ = {isa = PBXFileReference; lastKnownFileType = file.storyboard; name = Base; path = Base.lproj/LaunchScreen.storyboard; sourceTree = "<group>"; };
		BF1DC1B51C9DEA110056F7BE /* Info.plist */ = {isa = PBXFileReference; lastKnownFileType = text.plist.xml; path = Info.plist; sourceTree = "<group>"; };
		BF1DC1C21C9DEA740056F7BE /* SignInViewController.swift */ = {isa = PBXFileReference; fileEncoding = 4; lastKnownFileType = sourcecode.swift; name = SignInViewController.swift; path = SignIn/SignInViewController.swift; sourceTree = "<group>"; };
		BFF6A7261C9DF40800D0BE3B /* RegisterViewController.swift */ = {isa = PBXFileReference; fileEncoding = 4; lastKnownFileType = sourcecode.swift; name = RegisterViewController.swift; path = Register/RegisterViewController.swift; sourceTree = "<group>"; };
		BFF6A7281C9DF87600D0BE3B /* Global.swift */ = {isa = PBXFileReference; fileEncoding = 4; lastKnownFileType = sourcecode.swift; path = Global.swift; sourceTree = "<group>"; };
		BFF6A72F1C9DF94C00D0BE3B /* RegisterValidationHelper.swift */ = {isa = PBXFileReference; fileEncoding = 4; lastKnownFileType = sourcecode.swift; name = RegisterValidationHelper.swift; path = Register/Helpers/RegisterValidationHelper.swift; sourceTree = "<group>"; };
		BFF6A7311C9DF98C00D0BE3B /* String+Validation.swift */ = {isa = PBXFileReference; fileEncoding = 4; lastKnownFileType = sourcecode.swift; name = "String+Validation.swift"; path = "Utils/Extensions/String+Validation.swift"; sourceTree = "<group>"; };
		BFF6A7341C9FF87800D0BE3B /* MapViewController.swift */ = {isa = PBXFileReference; fileEncoding = 4; lastKnownFileType = sourcecode.swift; name = MapViewController.swift; path = Map/MapViewController.swift; sourceTree = "<group>"; };
		BFF6A7371C9FFDE600D0BE3B /* ListViewController.swift */ = {isa = PBXFileReference; fileEncoding = 4; lastKnownFileType = sourcecode.swift; name = ListViewController.swift; path = List/ListViewController.swift; sourceTree = "<group>"; };
		BFF6A7391CA0037C00D0BE3B /* CityEntity.swift */ = {isa = PBXFileReference; fileEncoding = 4; lastKnownFileType = sourcecode.swift; name = CityEntity.swift; path = Entities/CityEntity.swift; sourceTree = "<group>"; };
		BFF6A73B1CA0051F00D0BE3B /* GetCitiesList.swift */ = {isa = PBXFileReference; fileEncoding = 4; lastKnownFileType = sourcecode.swift; name = GetCitiesList.swift; path = API/GetCitiesList.swift; sourceTree = "<group>"; };
/* End PBXFileReference section */

/* Begin PBXFrameworksBuildPhase section */
		BF1DC1A31C9DEA110056F7BE /* Frameworks */ = {
			isa = PBXFrameworksBuildPhase;
			buildActionMask = 2147483647;
			files = (
				6B258EB272F1879C4767AEC7 /* Pods_Introducer.framework in Frameworks */,
			);
			runOnlyForDeploymentPostprocessing = 0;
		};
/* End PBXFrameworksBuildPhase section */

/* Begin PBXGroup section */
		5F9D5D74F2D35FBFE0C3E716 /* Frameworks */ = {
			isa = PBXGroup;
			children = (
				BD9083F6FD79DFAEB317C9C6 /* Pods_Introducer.framework */,
			);
			name = Frameworks;
			sourceTree = "<group>";
		};
		9E0EDC73EB174DD8A5FA6A60 /* Pods */ = {
			isa = PBXGroup;
			children = (
				4D089A38E5EA1405FD556D14 /* Pods-Introducer.debug.xcconfig */,
				7B8FA71CF628B7255AEE1A4E /* Pods-Introducer.release.xcconfig */,
			);
			name = Pods;
			sourceTree = "<group>";
		};
		BF1DC19D1C9DEA110056F7BE = {
			isa = PBXGroup;
			children = (
				BF1DC1A81C9DEA110056F7BE /* Introducer */,
				BF1DC1A71C9DEA110056F7BE /* Products */,
				9E0EDC73EB174DD8A5FA6A60 /* Pods */,
				5F9D5D74F2D35FBFE0C3E716 /* Frameworks */,
			);
			sourceTree = "<group>";
		};
		BF1DC1A71C9DEA110056F7BE /* Products */ = {
			isa = PBXGroup;
			children = (
				BF1DC1A61C9DEA110056F7BE /* Introducer.app */,
			);
			name = Products;
			sourceTree = "<group>";
		};
		BF1DC1A81C9DEA110056F7BE /* Introducer */ = {
			isa = PBXGroup;
			children = (
				BF1DC1BE1C9DEA490056F7BE /* Utils */,
				BF1DC1BD1C9DEA450056F7BE /* Model */,
				BF1DC1BC1C9DEA3F0056F7BE /* Views */,
				BF1DC1BB1C9DEA360056F7BE /* View Controllers */,
				BF1DC1A91C9DEA110056F7BE /* AppDelegate.swift */,
				BF1DC1B01C9DEA110056F7BE /* Assets.xcassets */,
				BF1DC1B21C9DEA110056F7BE /* LaunchScreen.storyboard */,
				BF1DC1B51C9DEA110056F7BE /* Info.plist */,
				BFF6A7281C9DF87600D0BE3B /* Global.swift */,
			);
			path = Introducer;
			sourceTree = "<group>";
		};
		BF1DC1BB1C9DEA360056F7BE /* View Controllers */ = {
			isa = PBXGroup;
			children = (
				BFF6A7361C9FFDD400D0BE3B /* List */,
				BFF6A7331C9FF84E00D0BE3B /* Map */,
				BFF6A7241C9DF3EE00D0BE3B /* SignIn */,
				BFF6A7231C9DF3EA00D0BE3B /* Register */,
			);
			name = "View Controllers";
			sourceTree = "<group>";
		};
		BF1DC1BC1C9DEA3F0056F7BE /* Views */ = {
			isa = PBXGroup;
			children = (
				BF1DC1AD1C9DEA110056F7BE /* Main.storyboard */,
			);
			name = Views;
			sourceTree = "<group>";
		};
		BF1DC1BD1C9DEA450056F7BE /* Model */ = {
			isa = PBXGroup;
			children = (
				BF1DC1C11C9DEA5A0056F7BE /* Entity */,
				BF1DC1C01C9DEA540056F7BE /* API */,
			);
			name = Model;
			sourceTree = "<group>";
		};
		BF1DC1BE1C9DEA490056F7BE /* Utils */ = {
			isa = PBXGroup;
			children = (
				BF1DC1BF1C9DEA4E0056F7BE /* Extenions */,
			);
			name = Utils;
			sourceTree = "<group>";
		};
		BF1DC1BF1C9DEA4E0056F7BE /* Extenions */ = {
			isa = PBXGroup;
			children = (
				BFF6A7311C9DF98C00D0BE3B /* String+Validation.swift */,
			);
			name = Extenions;
			sourceTree = "<group>";
		};
		BF1DC1C01C9DEA540056F7BE /* API */ = {
			isa = PBXGroup;
			children = (
				BFF6A73B1CA0051F00D0BE3B /* GetCitiesList.swift */,
			);
			name = API;
			sourceTree = "<group>";
		};
		BF1DC1C11C9DEA5A0056F7BE /* Entity */ = {
			isa = PBXGroup;
			children = (
				BFF6A7391CA0037C00D0BE3B /* CityEntity.swift */,
			);
			name = Entity;
			sourceTree = "<group>";
		};
		BFF6A7231C9DF3EA00D0BE3B /* Register */ = {
			isa = PBXGroup;
			children = (
				BFF6A72A1C9DF8F000D0BE3B /* Helpers */,
				BFF6A7261C9DF40800D0BE3B /* RegisterViewController.swift */,
			);
			name = Register;
			sourceTree = "<group>";
		};
		BFF6A7241C9DF3EE00D0BE3B /* SignIn */ = {
			isa = PBXGroup;
			children = (
				BF1DC1C21C9DEA740056F7BE /* SignInViewController.swift */,
			);
			name = SignIn;
			sourceTree = "<group>";
		};
		BFF6A72A1C9DF8F000D0BE3B /* Helpers */ = {
			isa = PBXGroup;
			children = (
				BFF6A72F1C9DF94C00D0BE3B /* RegisterValidationHelper.swift */,
			);
			name = Helpers;
			sourceTree = "<group>";
		};
		BFF6A7331C9FF84E00D0BE3B /* Map */ = {
			isa = PBXGroup;
			children = (
				BFF6A7341C9FF87800D0BE3B /* MapViewController.swift */,
			);
			name = Map;
			sourceTree = "<group>";
		};
		BFF6A7361C9FFDD400D0BE3B /* List */ = {
			isa = PBXGroup;
			children = (
				BFF6A7371C9FFDE600D0BE3B /* ListViewController.swift */,
			);
			name = List;
			sourceTree = "<group>";
		};
/* End PBXGroup section */

/* Begin PBXNativeTarget section */
		BF1DC1A51C9DEA110056F7BE /* Introducer */ = {
			isa = PBXNativeTarget;
			buildConfigurationList = BF1DC1B81C9DEA110056F7BE /* Build configuration list for PBXNativeTarget "Introducer" */;
			buildPhases = (
				8498BFAF35A4083711946D47 /* Check Pods Manifest.lock */,
				BF1DC1A21C9DEA110056F7BE /* Sources */,
				BF1DC1A31C9DEA110056F7BE /* Frameworks */,
				BF1DC1A41C9DEA110056F7BE /* Resources */,
				40EE78125F29A35F0AF50110 /* Embed Pods Frameworks */,
				B42356FACB2C91B9FDCBC35B /* Copy Pods Resources */,
				BFF6A7221C9DEC9A00D0BE3B /* ShellScript */,
			);
			buildRules = (
			);
			dependencies = (
			);
			name = Introducer;
			productName = Introducer;
			productReference = BF1DC1A61C9DEA110056F7BE /* Introducer.app */;
			productType = "com.apple.product-type.application";
		};
/* End PBXNativeTarget section */

/* Begin PBXProject section */
		BF1DC19E1C9DEA110056F7BE /* Project object */ = {
			isa = PBXProject;
			attributes = {
				LastSwiftUpdateCheck = 0720;
				LastUpgradeCheck = 0720;
				ORGANIZATIONNAME = Ready4s;
				TargetAttributes = {
					BF1DC1A51C9DEA110056F7BE = {
						CreatedOnToolsVersion = 7.2.1;
					};
				};
			};
			buildConfigurationList = BF1DC1A11C9DEA110056F7BE /* Build configuration list for PBXProject "Introducer" */;
			compatibilityVersion = "Xcode 3.2";
			developmentRegion = English;
			hasScannedForEncodings = 0;
			knownRegions = (
				en,
				Base,
			);
			mainGroup = BF1DC19D1C9DEA110056F7BE;
			productRefGroup = BF1DC1A71C9DEA110056F7BE /* Products */;
			projectDirPath = "";
			projectRoot = "";
			targets = (
				BF1DC1A51C9DEA110056F7BE /* Introducer */,
			);
		};
/* End PBXProject section */

/* Begin PBXResourcesBuildPhase section */
		BF1DC1A41C9DEA110056F7BE /* Resources */ = {
			isa = PBXResourcesBuildPhase;
			buildActionMask = 2147483647;
			files = (
				BF1DC1B41C9DEA110056F7BE /* LaunchScreen.storyboard in Resources */,
				BF1DC1B11C9DEA110056F7BE /* Assets.xcassets in Resources */,
				BF1DC1AF1C9DEA110056F7BE /* Main.storyboard in Resources */,
			);
			runOnlyForDeploymentPostprocessing = 0;
		};
/* End PBXResourcesBuildPhase section */

/* Begin PBXShellScriptBuildPhase section */
		40EE78125F29A35F0AF50110 /* Embed Pods Frameworks */ = {
			isa = PBXShellScriptBuildPhase;
			buildActionMask = 2147483647;
			files = (
			);
			inputPaths = (
			);
			name = "Embed Pods Frameworks";
			outputPaths = (
			);
			runOnlyForDeploymentPostprocessing = 0;
			shellPath = /bin/sh;
			shellScript = "\"${SRCROOT}/Pods/Target Support Files/Pods-Introducer/Pods-Introducer-frameworks.sh\"\n";
			showEnvVarsInLog = 0;
		};
		8498BFAF35A4083711946D47 /* Check Pods Manifest.lock */ = {
			isa = PBXShellScriptBuildPhase;
			buildActionMask = 2147483647;
			files = (
			);
			inputPaths = (
			);
			name = "Check Pods Manifest.lock";
			outputPaths = (
			);
			runOnlyForDeploymentPostprocessing = 0;
			shellPath = /bin/sh;
			shellScript = "diff \"${PODS_ROOT}/../Podfile.lock\" \"${PODS_ROOT}/Manifest.lock\" > /dev/null\nif [[ $? != 0 ]] ; then\n    cat << EOM\nerror: The sandbox is not in sync with the Podfile.lock. Run 'pod install' or update your CocoaPods installation.\nEOM\n    exit 1\nfi\n";
			showEnvVarsInLog = 0;
		};
		B42356FACB2C91B9FDCBC35B /* Copy Pods Resources */ = {
			isa = PBXShellScriptBuildPhase;
			buildActionMask = 2147483647;
			files = (
			);
			inputPaths = (
			);
			name = "Copy Pods Resources";
			outputPaths = (
			);
			runOnlyForDeploymentPostprocessing = 0;
			shellPath = /bin/sh;
			shellScript = "\"${SRCROOT}/Pods/Target Support Files/Pods-Introducer/Pods-Introducer-resources.sh\"\n";
			showEnvVarsInLog = 0;
		};
		BFF6A7221C9DEC9A00D0BE3B /* ShellScript */ = {
			isa = PBXShellScriptBuildPhase;
			buildActionMask = 2147483647;
			files = (
			);
			inputPaths = (
			);
			outputPaths = (
			);
			runOnlyForDeploymentPostprocessing = 0;
			shellPath = /bin/sh;
			shellScript = "\"${PODS_ROOT}/Fabric/run\" 1bad015f9c64acdee4d4e9ca3fd97aaf1558a757 7a2cdd55c7ce68641fbd233a73e69c0c495932c32eba1e071106674c51e24edf";
		};
/* End PBXShellScriptBuildPhase section */

/* Begin PBXSourcesBuildPhase section */
		BF1DC1A21C9DEA110056F7BE /* Sources */ = {
			isa = PBXSourcesBuildPhase;
			buildActionMask = 2147483647;
			files = (
				BFF6A7291C9DF87600D0BE3B /* Global.swift in Sources */,
				BFF6A73C1CA0051F00D0BE3B /* GetCitiesList.swift in Sources */,
				BFF6A7271C9DF40800D0BE3B /* RegisterViewController.swift in Sources */,
				BFF6A7301C9DF94C00D0BE3B /* RegisterValidationHelper.swift in Sources */,
				BFF6A7321C9DF98C00D0BE3B /* String+Validation.swift in Sources */,
				BFF6A73A1CA0037C00D0BE3B /* CityEntity.swift in Sources */,
				BF1DC1C31C9DEA740056F7BE /* SignInViewController.swift in Sources */,
				BF1DC1AA1C9DEA110056F7BE /* AppDelegate.swift in Sources */,
				BFF6A7381C9FFDE600D0BE3B /* ListViewController.swift in Sources */,
				BFF6A7351C9FF87800D0BE3B /* MapViewController.swift in Sources */,
			);
			runOnlyForDeploymentPostprocessing = 0;
		};
/* End PBXSourcesBuildPhase section */

/* Begin PBXVariantGroup section */
		BF1DC1AD1C9DEA110056F7BE /* Main.storyboard */ = {
			isa = PBXVariantGroup;
			children = (
				BF1DC1AE1C9DEA110056F7BE /* Base */,
			);
			name = Main.storyboard;
			sourceTree = "<group>";
		};
		BF1DC1B21C9DEA110056F7BE /* LaunchScreen.storyboard */ = {
			isa = PBXVariantGroup;
			children = (
				BF1DC1B31C9DEA110056F7BE /* Base */,
			);
			name = LaunchScreen.storyboard;
			sourceTree = "<group>";
		};
/* End PBXVariantGroup section */

/* Begin XCBuildConfiguration section */
		BF1DC1B61C9DEA110056F7BE /* Debug */ = {
			isa = XCBuildConfiguration;
			buildSettings = {
				ALWAYS_SEARCH_USER_PATHS = NO;
				CLANG_CXX_LANGUAGE_STANDARD = "gnu++0x";
				CLANG_CXX_LIBRARY = "libc++";
				CLANG_ENABLE_MODULES = YES;
				CLANG_ENABLE_OBJC_ARC = YES;
				CLANG_WARN_BOOL_CONVERSION = YES;
				CLANG_WARN_CONSTANT_CONVERSION = YES;
				CLANG_WARN_DIRECT_OBJC_ISA_USAGE = YES_ERROR;
				CLANG_WARN_EMPTY_BODY = YES;
				CLANG_WARN_ENUM_CONVERSION = YES;
				CLANG_WARN_INT_CONVERSION = YES;
				CLANG_WARN_OBJC_ROOT_CLASS = YES_ERROR;
				CLANG_WARN_UNREACHABLE_CODE = YES;
				CLANG_WARN__DUPLICATE_METHOD_MATCH = YES;
				"CODE_SIGN_IDENTITY[sdk=iphoneos*]" = "iPhone Developer";
				COPY_PHASE_STRIP = NO;
				DEBUG_INFORMATION_FORMAT = dwarf;
				ENABLE_STRICT_OBJC_MSGSEND = YES;
				ENABLE_TESTABILITY = YES;
				GCC_C_LANGUAGE_STANDARD = gnu99;
				GCC_DYNAMIC_NO_PIC = NO;
				GCC_NO_COMMON_BLOCKS = YES;
				GCC_OPTIMIZATION_LEVEL = 0;
				GCC_PREPROCESSOR_DEFINITIONS = (
					"DEBUG=1",
					"$(inherited)",
				);
				GCC_WARN_64_TO_32_BIT_CONVERSION = YES;
				GCC_WARN_ABOUT_RETURN_TYPE = YES_ERROR;
				GCC_WARN_UNDECLARED_SELECTOR = YES;
				GCC_WARN_UNINITIALIZED_AUTOS = YES_AGGRESSIVE;
				GCC_WARN_UNUSED_FUNCTION = YES;
				GCC_WARN_UNUSED_VARIABLE = YES;
				IPHONEOS_DEPLOYMENT_TARGET = 9.2;
				MTL_ENABLE_DEBUG_INFO = YES;
				ONLY_ACTIVE_ARCH = YES;
				SDKROOT = iphoneos;
				SWIFT_OPTIMIZATION_LEVEL = "-Onone";
				TARGETED_DEVICE_FAMILY = "1,2";
			};
			name = Debug;
		};
		BF1DC1B71C9DEA110056F7BE /* Release */ = {
			isa = XCBuildConfiguration;
			buildSettings = {
				ALWAYS_SEARCH_USER_PATHS = NO;
				CLANG_CXX_LANGUAGE_STANDARD = "gnu++0x";
				CLANG_CXX_LIBRARY = "libc++";
				CLANG_ENABLE_MODULES = YES;
				CLANG_ENABLE_OBJC_ARC = YES;
				CLANG_WARN_BOOL_CONVERSION = YES;
				CLANG_WARN_CONSTANT_CONVERSION = YES;
				CLANG_WARN_DIRECT_OBJC_ISA_USAGE = YES_ERROR;
				CLANG_WARN_EMPTY_BODY = YES;
				CLANG_WARN_ENUM_CONVERSION = YES;
				CLANG_WARN_INT_CONVERSION = YES;
				CLANG_WARN_OBJC_ROOT_CLASS = YES_ERROR;
				CLANG_WARN_UNREACHABLE_CODE = YES;
				CLANG_WARN__DUPLICATE_METHOD_MATCH = YES;
				"CODE_SIGN_IDENTITY[sdk=iphoneos*]" = "iPhone Developer";
				COPY_PHASE_STRIP = NO;
				DEBUG_INFORMATION_FORMAT = "dwarf-with-dsym";
				ENABLE_NS_ASSERTIONS = NO;
				ENABLE_STRICT_OBJC_MSGSEND = YES;
				GCC_C_LANGUAGE_STANDARD = gnu99;
				GCC_NO_COMMON_BLOCKS = YES;
				GCC_WARN_64_TO_32_BIT_CONVERSION = YES;
				GCC_WARN_ABOUT_RETURN_TYPE = YES_ERROR;
				GCC_WARN_UNDECLARED_SELECTOR = YES;
				GCC_WARN_UNINITIALIZED_AUTOS = YES_AGGRESSIVE;
				GCC_WARN_UNUSED_FUNCTION = YES;
				GCC_WARN_UNUSED_VARIABLE = YES;
				IPHONEOS_DEPLOYMENT_TARGET = 9.2;
				MTL_ENABLE_DEBUG_INFO = NO;
				SDKROOT = iphoneos;
				TARGETED_DEVICE_FAMILY = "1,2";
				VALIDATE_PRODUCT = YES;
			};
			name = Release;
		};
		BF1DC1B91C9DEA110056F7BE /* Debug */ = {
			isa = XCBuildConfiguration;
			baseConfigurationReference = 4D089A38E5EA1405FD556D14 /* Pods-Introducer.debug.xcconfig */;
			buildSettings = {
				ASSETCATALOG_COMPILER_APPICON_NAME = AppIcon;
				INFOPLIST_FILE = Introducer/Info.plist;
				LD_RUNPATH_SEARCH_PATHS = "$(inherited) @executable_path/Frameworks";
				PRODUCT_BUNDLE_IDENTIFIER = com.ready4s.Introducer;
				PRODUCT_NAME = "$(TARGET_NAME)";
			};
			name = Debug;
		};
		BF1DC1BA1C9DEA110056F7BE /* Release */ = {
			isa = XCBuildConfiguration;
			baseConfigurationReference = 7B8FA71CF628B7255AEE1A4E /* Pods-Introducer.release.xcconfig */;
			buildSettings = {
				ASSETCATALOG_COMPILER_APPICON_NAME = AppIcon;
				INFOPLIST_FILE = Introducer/Info.plist;
				LD_RUNPATH_SEARCH_PATHS = "$(inherited) @executable_path/Frameworks";
				PRODUCT_BUNDLE_IDENTIFIER = com.ready4s.Introducer;
				PRODUCT_NAME = "$(TARGET_NAME)";
			};
			name = Release;
		};
/* End XCBuildConfiguration section */

/* Begin XCConfigurationList section */
		BF1DC1A11C9DEA110056F7BE /* Build configuration list for PBXProject "Introducer" */ = {
			isa = XCConfigurationList;
			buildConfigurations = (
				BF1DC1B61C9DEA110056F7BE /* Debug */,
				BF1DC1B71C9DEA110056F7BE /* Release */,
			);
			defaultConfigurationIsVisible = 0;
			defaultConfigurationName = Release;
		};
		BF1DC1B81C9DEA110056F7BE /* Build configuration list for PBXNativeTarget "Introducer" */ = {
			isa = XCConfigurationList;
			buildConfigurations = (
				BF1DC1B91C9DEA110056F7BE /* Debug */,
				BF1DC1BA1C9DEA110056F7BE /* Release */,
			);
			defaultConfigurationIsVisible = 0;
			defaultConfigurationName = Release;
		};
/* End XCConfigurationList section */
	};
	rootObject = BF1DC19E1C9DEA110056F7BE /* Project object */;
}
